{
  "requires": true,
  "lockfileVersion": 1,
  "dependencies": {
    "@toast-ui/chart": {
      "version": "4.0.4",
      "resolved": "https://registry.npmjs.org/@toast-ui/chart/-/chart-4.0.4.tgz",
      "integrity": "sha512-ZPNsu6WAYWth15o2iyvy4//+CTf1Gym1MTuhfbBITF4dlcuh4aHJhT8tQXUM6Oyenojly0OtHwGl+n+78xzbmg=="
    }
  }
}
